
Microsoft Visual Studio Solution File, Format Version 12.00
# Visual Studio Version 17
VisualStudioVersion = 17.0.31903.59
MinimumVisualStudioVersion = 10.0.40219.1
Project("{2150E333-8FDC-42A3-9474-1A3956D46DE8}") = "Services", "Services", "{AAE1EAB1-1B22-4307-8979-DB12DCA63944}"
EndProject
Project("{FAE04EC0-301F-11D3-BF4B-00C04F79EFBC}") = "Common", "Services\Common\Common.csproj", "{1AFC89F4-AB41-448F-AC4B-CCF1975BA565}"
EndProject
Project("{2150E333-8FDC-42A3-9474-1A3956D46DE8}") = "EventBus", "EventBus", "{87C728DA-2DBE-40E0-8082-B8F8B99B5941}"
EndProject
Project("{FAE04EC0-301F-11D3-BF4B-00C04F79EFBC}") = "EventBus", "Services\EventBus\EventBus\EventBus.csproj", "{7B9EE100-204F-4300-B3AB-57C3DF12FE5B}"
EndProject
Project("{2150E333-8FDC-42A3-9474-1A3956D46DE8}") = "Catalog", "Catalog", "{81229E79-9252-4E89-9131-4A185F27363E}"
EndProject
Project("{FAE04EC0-301F-11D3-BF4B-00C04F79EFBC}") = "Catalog.API", "Services\Catalog\Catalog.API\Catalog.API.csproj", "{F2CF7BF8-2E0A-4B3D-B641-1FED0647550E}"
EndProject
Project("{2150E333-8FDC-42A3-9474-1A3956D46DE8}") = "Cart", "Cart", "{E4DEB0DE-80BA-4FB4-A5B9-9F4880D8FD15}"
EndProject
Project("{FAE04EC0-301F-11D3-BF4B-00C04F79EFBC}") = "Cart.API", "Services\Cart\Cart.API\Cart.API.csproj", "{2892B086-6A10-488F-9FF3-E3FE6C0A893F}"
EndProject
Project("{FAE04EC0-301F-11D3-BF4B-00C04F79EFBC}") = "EventBusServiceBus", "Services\EventBus\EventBusServiceBus\EventBusServiceBus.csproj", "{E51BD9DF-E619-4355-9C5F-507ED5D87AF5}"
EndProject
Project("{FAE04EC0-301F-11D3-BF4B-00C04F79EFBC}") = "EventBusRabbitMQ", "Services\EventBus\EventBusRabbitMQ\EventBusRabbitMQ.csproj", "{9187DA5C-2B8D-48DF-8B8B-9F39AAF734D0}"
EndProject
Project("{2150E333-8FDC-42A3-9474-1A3956D46DE8}") = "Purchase", "Purchase", "{6E75EC73-02DE-4201-AE61-15E3B87BD08E}"
EndProject
Project("{FAE04EC0-301F-11D3-BF4B-00C04F79EFBC}") = "Purchase.API", "Services\Purchase\Purchase.API\Purchase.API.csproj", "{E0E4CF93-3DC2-466E-B4A8-E2051A2C2EAA}"
EndProject
Project("{FAE04EC0-301F-11D3-BF4B-00C04F79EFBC}") = "Purchase.Domain", "Services\Purchase\Purchase.Domain\Purchase.Domain.csproj", "{43E45424-19D5-46B1-806B-7EC8DDDDB4B0}"
EndProject
Project("{FAE04EC0-301F-11D3-BF4B-00C04F79EFBC}") = "Purchase.Infrastructure", "Services\Purchase\Purchase.Infrastructure\Purchase.Infrastructure.csproj", "{405BBDCD-AEB2-4601-AAF5-2189857F0BD2}"
EndProject
Global
	GlobalSection(SolutionConfigurationPlatforms) = preSolution
		Debug|Any CPU = Debug|Any CPU
		Release|Any CPU = Release|Any CPU
	EndGlobalSection
	GlobalSection(SolutionProperties) = preSolution
		HideSolutionNode = FALSE
	EndGlobalSection
	GlobalSection(ProjectConfigurationPlatforms) = postSolution
		{1AFC89F4-AB41-448F-AC4B-CCF1975BA565}.Debug|Any CPU.ActiveCfg = Debug|Any CPU
		{1AFC89F4-AB41-448F-AC4B-CCF1975BA565}.Debug|Any CPU.Build.0 = Debug|Any CPU
		{1AFC89F4-AB41-448F-AC4B-CCF1975BA565}.Release|Any CPU.ActiveCfg = Release|Any CPU
		{1AFC89F4-AB41-448F-AC4B-CCF1975BA565}.Release|Any CPU.Build.0 = Release|Any CPU
		{7B9EE100-204F-4300-B3AB-57C3DF12FE5B}.Debug|Any CPU.ActiveCfg = Debug|Any CPU
		{7B9EE100-204F-4300-B3AB-57C3DF12FE5B}.Debug|Any CPU.Build.0 = Debug|Any CPU
		{7B9EE100-204F-4300-B3AB-57C3DF12FE5B}.Release|Any CPU.ActiveCfg = Release|Any CPU
		{7B9EE100-204F-4300-B3AB-57C3DF12FE5B}.Release|Any CPU.Build.0 = Release|Any CPU
		{F2CF7BF8-2E0A-4B3D-B641-1FED0647550E}.Debug|Any CPU.ActiveCfg = Debug|Any CPU
		{F2CF7BF8-2E0A-4B3D-B641-1FED0647550E}.Debug|Any CPU.Build.0 = Debug|Any CPU
		{F2CF7BF8-2E0A-4B3D-B641-1FED0647550E}.Release|Any CPU.ActiveCfg = Release|Any CPU
		{F2CF7BF8-2E0A-4B3D-B641-1FED0647550E}.Release|Any CPU.Build.0 = Release|Any CPU
		{2892B086-6A10-488F-9FF3-E3FE6C0A893F}.Debug|Any CPU.ActiveCfg = Debug|Any CPU
		{2892B086-6A10-488F-9FF3-E3FE6C0A893F}.Debug|Any CPU.Build.0 = Debug|Any CPU
		{2892B086-6A10-488F-9FF3-E3FE6C0A893F}.Release|Any CPU.ActiveCfg = Release|Any CPU
		{2892B086-6A10-488F-9FF3-E3FE6C0A893F}.Release|Any CPU.Build.0 = Release|Any CPU
		{E51BD9DF-E619-4355-9C5F-507ED5D87AF5}.Debug|Any CPU.ActiveCfg = Debug|Any CPU
		{E51BD9DF-E619-4355-9C5F-507ED5D87AF5}.Debug|Any CPU.Build.0 = Debug|Any CPU
		{E51BD9DF-E619-4355-9C5F-507ED5D87AF5}.Release|Any CPU.ActiveCfg = Release|Any CPU
		{E51BD9DF-E619-4355-9C5F-507ED5D87AF5}.Release|Any CPU.Build.0 = Release|Any CPU
		{9187DA5C-2B8D-48DF-8B8B-9F39AAF734D0}.Debug|Any CPU.ActiveCfg = Debug|Any CPU
		{9187DA5C-2B8D-48DF-8B8B-9F39AAF734D0}.Debug|Any CPU.Build.0 = Debug|Any CPU
		{9187DA5C-2B8D-48DF-8B8B-9F39AAF734D0}.Release|Any CPU.ActiveCfg = Release|Any CPU
		{9187DA5C-2B8D-48DF-8B8B-9F39AAF734D0}.Release|Any CPU.Build.0 = Release|Any CPU
		{E0E4CF93-3DC2-466E-B4A8-E2051A2C2EAA}.Debug|Any CPU.ActiveCfg = Debug|Any CPU
		{E0E4CF93-3DC2-466E-B4A8-E2051A2C2EAA}.Debug|Any CPU.Build.0 = Debug|Any CPU
		{E0E4CF93-3DC2-466E-B4A8-E2051A2C2EAA}.Release|Any CPU.ActiveCfg = Release|Any CPU
		{E0E4CF93-3DC2-466E-B4A8-E2051A2C2EAA}.Release|Any CPU.Build.0 = Release|Any CPU
		{43E45424-19D5-46B1-806B-7EC8DDDDB4B0}.Debug|Any CPU.ActiveCfg = Debug|Any CPU
		{43E45424-19D5-46B1-806B-7EC8DDDDB4B0}.Debug|Any CPU.Build.0 = Debug|Any CPU
		{43E45424-19D5-46B1-806B-7EC8DDDDB4B0}.Release|Any CPU.ActiveCfg = Release|Any CPU
		{43E45424-19D5-46B1-806B-7EC8DDDDB4B0}.Release|Any CPU.Build.0 = Release|Any CPU
		{405BBDCD-AEB2-4601-AAF5-2189857F0BD2}.Debug|Any CPU.ActiveCfg = Debug|Any CPU
		{405BBDCD-AEB2-4601-AAF5-2189857F0BD2}.Debug|Any CPU.Build.0 = Debug|Any CPU
		{405BBDCD-AEB2-4601-AAF5-2189857F0BD2}.Release|Any CPU.ActiveCfg = Release|Any CPU
		{405BBDCD-AEB2-4601-AAF5-2189857F0BD2}.Release|Any CPU.Build.0 = Release|Any CPU
	EndGlobalSection
	GlobalSection(NestedProjects) = preSolution
		{1AFC89F4-AB41-448F-AC4B-CCF1975BA565} = {AAE1EAB1-1B22-4307-8979-DB12DCA63944}
		{87C728DA-2DBE-40E0-8082-B8F8B99B5941} = {AAE1EAB1-1B22-4307-8979-DB12DCA63944}
		{7B9EE100-204F-4300-B3AB-57C3DF12FE5B} = {87C728DA-2DBE-40E0-8082-B8F8B99B5941}
		{81229E79-9252-4E89-9131-4A185F27363E} = {AAE1EAB1-1B22-4307-8979-DB12DCA63944}
		{F2CF7BF8-2E0A-4B3D-B641-1FED0647550E} = {81229E79-9252-4E89-9131-4A185F27363E}
		{E4DEB0DE-80BA-4FB4-A5B9-9F4880D8FD15} = {AAE1EAB1-1B22-4307-8979-DB12DCA63944}
		{2892B086-6A10-488F-9FF3-E3FE6C0A893F} = {E4DEB0DE-80BA-4FB4-A5B9-9F4880D8FD15}
		{E51BD9DF-E619-4355-9C5F-507ED5D87AF5} = {87C728DA-2DBE-40E0-8082-B8F8B99B5941}
		{9187DA5C-2B8D-48DF-8B8B-9F39AAF734D0} = {87C728DA-2DBE-40E0-8082-B8F8B99B5941}
		{6E75EC73-02DE-4201-AE61-15E3B87BD08E} = {AAE1EAB1-1B22-4307-8979-DB12DCA63944}
		{E0E4CF93-3DC2-466E-B4A8-E2051A2C2EAA} = {6E75EC73-02DE-4201-AE61-15E3B87BD08E}
		{43E45424-19D5-46B1-806B-7EC8DDDDB4B0} = {6E75EC73-02DE-4201-AE61-15E3B87BD08E}
		{405BBDCD-AEB2-4601-AAF5-2189857F0BD2} = {6E75EC73-02DE-4201-AE61-15E3B87BD08E}
	EndGlobalSection
EndGlobal
