
Microsoft Visual Studio Solution File, Format Version 12.00
# Visual Studio Version 17
VisualStudioVersion = 17.5.002.0
MinimumVisualStudioVersion = 10.0.40219.1
Project("{9A19103F-16F7-4668-BE54-9A1E7A4F7556}") = "CatalogService", "CatalogService\CatalogService.csproj", "{FEFFE11A-60FD-4D0E-98E8-99C1A49182DF}"
EndProject
Project("{9A19103F-16F7-4668-BE54-9A1E7A4F7556}") = "Common", "Common\Common.csproj", "{CA47A819-DE60-4452-A57A-0D9B081B28D7}"
EndProject
Project("{2150E333-8FDC-42A3-9474-1A3956D46DE8}") = "Catalog", "Catalog", "{1ED6DBD9-A6F5-4EBC-BBC1-06A6AB46716E}"
EndProject
Project("{9A19103F-16F7-4668-BE54-9A1E7A4F7556}") = "Catalog.API", "Catalog\Catalog.API\Catalog.API.csproj", "{60637DE8-6665-4FE9-9BEC-5EFFA0FCDB1E}"
EndProject
Project("{9A19103F-16F7-4668-BE54-9A1E7A4F7556}") = "Catalog.UnitTests", "Catalog\Catalog.UnitTests\Catalog.UnitTests.csproj", "{A6E6EA0F-7391-4EB4-9D17-9C28FAC9E796}"
EndProject
Project("{2150E333-8FDC-42A3-9474-1A3956D46DE8}") = "Coffee", "Coffee", "{F6BC3920-0371-4DE5-AC43-4B53C3AE922D}"
EndProject
Project("{9A19103F-16F7-4668-BE54-9A1E7A4F7556}") = "Coffee.API", "Coffee\Coffee.API\Coffee.API.csproj", "{00A3D007-D4A1-497D-B65F-A118220A027E}"
EndProject
Global
	GlobalSection(SolutionConfigurationPlatforms) = preSolution
		Debug|Any CPU = Debug|Any CPU
		Release|Any CPU = Release|Any CPU
	EndGlobalSection
	GlobalSection(ProjectConfigurationPlatforms) = postSolution
		{FEFFE11A-60FD-4D0E-98E8-99C1A49182DF}.Debug|Any CPU.ActiveCfg = Debug|Any CPU
		{FEFFE11A-60FD-4D0E-98E8-99C1A49182DF}.Debug|Any CPU.Build.0 = Debug|Any CPU
		{FEFFE11A-60FD-4D0E-98E8-99C1A49182DF}.Release|Any CPU.ActiveCfg = Release|Any CPU
		{FEFFE11A-60FD-4D0E-98E8-99C1A49182DF}.Release|Any CPU.Build.0 = Release|Any CPU
		{CA47A819-DE60-4452-A57A-0D9B081B28D7}.Debug|Any CPU.ActiveCfg = Debug|Any CPU
		{CA47A819-DE60-4452-A57A-0D9B081B28D7}.Debug|Any CPU.Build.0 = Debug|Any CPU
		{CA47A819-DE60-4452-A57A-0D9B081B28D7}.Release|Any CPU.ActiveCfg = Release|Any CPU
		{CA47A819-DE60-4452-A57A-0D9B081B28D7}.Release|Any CPU.Build.0 = Release|Any CPU
		{60637DE8-6665-4FE9-9BEC-5EFFA0FCDB1E}.Debug|Any CPU.ActiveCfg = Debug|Any CPU
		{60637DE8-6665-4FE9-9BEC-5EFFA0FCDB1E}.Debug|Any CPU.Build.0 = Debug|Any CPU
		{60637DE8-6665-4FE9-9BEC-5EFFA0FCDB1E}.Release|Any CPU.ActiveCfg = Release|Any CPU
		{60637DE8-6665-4FE9-9BEC-5EFFA0FCDB1E}.Release|Any CPU.Build.0 = Release|Any CPU
		{A6E6EA0F-7391-4EB4-9D17-9C28FAC9E796}.Debug|Any CPU.ActiveCfg = Debug|Any CPU
		{A6E6EA0F-7391-4EB4-9D17-9C28FAC9E796}.Debug|Any CPU.Build.0 = Debug|Any CPU
		{A6E6EA0F-7391-4EB4-9D17-9C28FAC9E796}.Release|Any CPU.ActiveCfg = Release|Any CPU
		{A6E6EA0F-7391-4EB4-9D17-9C28FAC9E796}.Release|Any CPU.Build.0 = Release|Any CPU
		{00A3D007-D4A1-497D-B65F-A118220A027E}.Debug|Any CPU.ActiveCfg = Debug|Any CPU
		{00A3D007-D4A1-497D-B65F-A118220A027E}.Debug|Any CPU.Build.0 = Debug|Any CPU
		{00A3D007-D4A1-497D-B65F-A118220A027E}.Release|Any CPU.ActiveCfg = Release|Any CPU
		{00A3D007-D4A1-497D-B65F-A118220A027E}.Release|Any CPU.Build.0 = Release|Any CPU
	EndGlobalSection
	GlobalSection(SolutionProperties) = preSolution
		HideSolutionNode = FALSE
	EndGlobalSection
	GlobalSection(NestedProjects) = preSolution
		{60637DE8-6665-4FE9-9BEC-5EFFA0FCDB1E} = {1ED6DBD9-A6F5-4EBC-BBC1-06A6AB46716E}
		{A6E6EA0F-7391-4EB4-9D17-9C28FAC9E796} = {1ED6DBD9-A6F5-4EBC-BBC1-06A6AB46716E}
		{00A3D007-D4A1-497D-B65F-A118220A027E} = {F6BC3920-0371-4DE5-AC43-4B53C3AE922D}
	EndGlobalSection
	GlobalSection(ExtensibilityGlobals) = postSolution
		SolutionGuid = {83E6A680-A818-40EF-AFBC-63B2FA248964}
	EndGlobalSection
EndGlobal
